{
  "requires": true,
  "lockfileVersion": 1,
  "dependencies": {
    "highcharts": {
      "version": "8.2.2",
      "resolved": "https://registry.npmjs.org/highcharts/-/highcharts-8.2.2.tgz",
      "integrity": "sha512-F63TXO7RxsvTcpO/KOubQZWualYpCMyCTuKtoWbt7KCsfQ3Kl7Fr6HEyyJdjkYl+XlnmnKlSRi9d3HjLK9Q0wg=="
    },
    "highcharts-angular": {
      "version": "2.8.2",
      "resolved": "https://registry.npmjs.org/highcharts-angular/-/highcharts-angular-2.8.2.tgz",
      "integrity": "sha512-uYeWUVAB47bBL+5kytv4bgO3bzjEO0+yNUsUt8Uy6dzkwxjzrNOl3//Hd2ukx5YG+QDHsVk+wSB4vHjbTPAJTA==",
      "requires": {
        "tslib": "^2.0.0"
      }
    },
    "tslib": {
      "version": "2.0.3",
      "resolved": "https://registry.npmjs.org/tslib/-/tslib-2.0.3.tgz",
      "integrity": "sha512-uZtkfKblCEQtZKBF6EBXVZeQNl82yqtDQdv+eck8u7tdPxjLu2/lp5/uPW+um2tpuxINHWy3GhiccY7QgEaVHQ=="
    }
  }
}
